
Microsoft Visual Studio Solution File, Format Version 12.00
# Visual Studio Version 16
VisualStudioVersion = 16.0.31402.337
MinimumVisualStudioVersion = 10.0.40219.1
Project("{FAE04EC0-301F-11D3-BF4B-00C04F79EFBC}") = "MVVMTest001.Android", "MVVMTest001.Android\MVVMTest001.Android.csproj", "{49FC48BD-C65B-4823-9493-A9635B1A7573}"
EndProject
Project("{FAE04EC0-301F-11D3-BF4B-00C04F79EFBC}") = "MVVMTest001.iOS", "MVVMTest001.iOS\MVVMTest001.iOS.csproj", "{AC758AF8-1BEC-405D-B7B4-6094577A5465}"
EndProject
Project("{FAE04EC0-301F-11D3-BF4B-00C04F79EFBC}") = "MVVMTest001", "MVVMTest001\MVVMTest001.csproj", "{FB40F568-1A4C-4A19-B74E-00B68FBD6C2D}"
EndProject
Global
	GlobalSection(SolutionConfigurationPlatforms) = preSolution
		Debug|Any CPU = Debug|Any CPU
		Debug|iPhone = Debug|iPhone
		Debug|iPhoneSimulator = Debug|iPhoneSimulator
		Release|Any CPU = Release|Any CPU
		Release|iPhone = Release|iPhone
		Release|iPhoneSimulator = Release|iPhoneSimulator
	EndGlobalSection
	GlobalSection(ProjectConfigurationPlatforms) = postSolution
		{49FC48BD-C65B-4823-9493-A9635B1A7573}.Debug|Any CPU.ActiveCfg = Debug|Any CPU
		{49FC48BD-C65B-4823-9493-A9635B1A7573}.Debug|Any CPU.Build.0 = Debug|Any CPU
		{49FC48BD-C65B-4823-9493-A9635B1A7573}.Debug|Any CPU.Deploy.0 = Debug|Any CPU
		{49FC48BD-C65B-4823-9493-A9635B1A7573}.Debug|iPhone.ActiveCfg = Debug|Any CPU
		{49FC48BD-C65B-4823-9493-A9635B1A7573}.Debug|iPhone.Build.0 = Debug|Any CPU
		{49FC48BD-C65B-4823-9493-A9635B1A7573}.Debug|iPhone.Deploy.0 = Debug|Any CPU
		{49FC48BD-C65B-4823-9493-A9635B1A7573}.Debug|iPhoneSimulator.ActiveCfg = Debug|Any CPU
		{49FC48BD-C65B-4823-9493-A9635B1A7573}.Debug|iPhoneSimulator.Build.0 = Debug|Any CPU
		{49FC48BD-C65B-4823-9493-A9635B1A7573}.Debug|iPhoneSimulator.Deploy.0 = Debug|Any CPU
		{49FC48BD-C65B-4823-9493-A9635B1A7573}.Release|Any CPU.ActiveCfg = Release|Any CPU
		{49FC48BD-C65B-4823-9493-A9635B1A7573}.Release|Any CPU.Build.0 = Release|Any CPU
		{49FC48BD-C65B-4823-9493-A9635B1A7573}.Release|Any CPU.Deploy.0 = Release|Any CPU
		{49FC48BD-C65B-4823-9493-A9635B1A7573}.Release|iPhone.ActiveCfg = Release|Any CPU
		{49FC48BD-C65B-4823-9493-A9635B1A7573}.Release|iPhone.Build.0 = Release|Any CPU
		{49FC48BD-C65B-4823-9493-A9635B1A7573}.Release|iPhone.Deploy.0 = Release|Any CPU
		{49FC48BD-C65B-4823-9493-A9635B1A7573}.Release|iPhoneSimulator.ActiveCfg = Release|Any CPU
		{49FC48BD-C65B-4823-9493-A9635B1A7573}.Release|iPhoneSimulator.Build.0 = Release|Any CPU
		{49FC48BD-C65B-4823-9493-A9635B1A7573}.Release|iPhoneSimulator.Deploy.0 = Release|Any CPU
		{AC758AF8-1BEC-405D-B7B4-6094577A5465}.Debug|Any CPU.ActiveCfg = Debug|iPhone
		{AC758AF8-1BEC-405D-B7B4-6094577A5465}.Debug|Any CPU.Build.0 = Debug|iPhone
		{AC758AF8-1BEC-405D-B7B4-6094577A5465}.Debug|Any CPU.Deploy.0 = Debug|iPhone
		{AC758AF8-1BEC-405D-B7B4-6094577A5465}.Debug|iPhone.ActiveCfg = Debug|iPhone
		{AC758AF8-1BEC-405D-B7B4-6094577A5465}.Debug|iPhone.Build.0 = Debug|iPhone
		{AC758AF8-1BEC-405D-B7B4-6094577A5465}.Debug|iPhone.Deploy.0 = Debug|iPhone
		{AC758AF8-1BEC-405D-B7B4-6094577A5465}.Debug|iPhoneSimulator.ActiveCfg = Debug|iPhoneSimulator
		{AC758AF8-1BEC-405D-B7B4-6094577A5465}.Debug|iPhoneSimulator.Build.0 = Debug|iPhoneSimulator
		{AC758AF8-1BEC-405D-B7B4-6094577A5465}.Debug|iPhoneSimulator.Deploy.0 = Debug|iPhoneSimulator
		{AC758AF8-1BEC-405D-B7B4-6094577A5465}.Release|Any CPU.ActiveCfg = Release|iPhoneSimulator
		{AC758AF8-1BEC-405D-B7B4-6094577A5465}.Release|Any CPU.Build.0 = Release|iPhoneSimulator
		{AC758AF8-1BEC-405D-B7B4-6094577A5465}.Release|Any CPU.Deploy.0 = Release|iPhoneSimulator
		{AC758AF8-1BEC-405D-B7B4-6094577A5465}.Release|iPhone.ActiveCfg = Release|iPhone
		{AC758AF8-1BEC-405D-B7B4-6094577A5465}.Release|iPhone.Build.0 = Release|iPhone
		{AC758AF8-1BEC-405D-B7B4-6094577A5465}.Release|iPhone.Deploy.0 = Release|iPhone
		{AC758AF8-1BEC-405D-B7B4-6094577A5465}.Release|iPhoneSimulator.ActiveCfg = Release|iPhoneSimulator
		{AC758AF8-1BEC-405D-B7B4-6094577A5465}.Release|iPhoneSimulator.Build.0 = Release|iPhoneSimulator
		{AC758AF8-1BEC-405D-B7B4-6094577A5465}.Release|iPhoneSimulator.Deploy.0 = Release|iPhoneSimulator
		{FB40F568-1A4C-4A19-B74E-00B68FBD6C2D}.Debug|Any CPU.ActiveCfg = Debug|Any CPU
		{FB40F568-1A4C-4A19-B74E-00B68FBD6C2D}.Debug|Any CPU.Build.0 = Debug|Any CPU
		{FB40F568-1A4C-4A19-B74E-00B68FBD6C2D}.Debug|Any CPU.Deploy.0 = Debug|Any CPU
		{FB40F568-1A4C-4A19-B74E-00B68FBD6C2D}.Debug|iPhone.ActiveCfg = Debug|Any CPU
		{FB40F568-1A4C-4A19-B74E-00B68FBD6C2D}.Debug|iPhone.Build.0 = Debug|Any CPU
		{FB40F568-1A4C-4A19-B74E-00B68FBD6C2D}.Debug|iPhone.Deploy.0 = Debug|Any CPU
		{FB40F568-1A4C-4A19-B74E-00B68FBD6C2D}.Debug|iPhoneSimulator.ActiveCfg = Debug|Any CPU
		{FB40F568-1A4C-4A19-B74E-00B68FBD6C2D}.Debug|iPhoneSimulator.Build.0 = Debug|Any CPU
		{FB40F568-1A4C-4A19-B74E-00B68FBD6C2D}.Debug|iPhoneSimulator.Deploy.0 = Debug|Any CPU
		{FB40F568-1A4C-4A19-B74E-00B68FBD6C2D}.Release|Any CPU.ActiveCfg = Release|Any CPU
		{FB40F568-1A4C-4A19-B74E-00B68FBD6C2D}.Release|Any CPU.Build.0 = Release|Any CPU
		{FB40F568-1A4C-4A19-B74E-00B68FBD6C2D}.Release|Any CPU.Deploy.0 = Release|Any CPU
		{FB40F568-1A4C-4A19-B74E-00B68FBD6C2D}.Release|iPhone.ActiveCfg = Release|Any CPU
		{FB40F568-1A4C-4A19-B74E-00B68FBD6C2D}.Release|iPhone.Build.0 = Release|Any CPU
		{FB40F568-1A4C-4A19-B74E-00B68FBD6C2D}.Release|iPhone.Deploy.0 = Release|Any CPU
		{FB40F568-1A4C-4A19-B74E-00B68FBD6C2D}.Release|iPhoneSimulator.ActiveCfg = Release|Any CPU
		{FB40F568-1A4C-4A19-B74E-00B68FBD6C2D}.Release|iPhoneSimulator.Build.0 = Release|Any CPU
		{FB40F568-1A4C-4A19-B74E-00B68FBD6C2D}.Release|iPhoneSimulator.Deploy.0 = Release|Any CPU
	EndGlobalSection
	GlobalSection(SolutionProperties) = preSolution
		HideSolutionNode = FALSE
	EndGlobalSection
	GlobalSection(ExtensibilityGlobals) = postSolution
		SolutionGuid = {95471BB5-733F-4DBB-80EB-1CCB23F2EFD7}
	EndGlobalSection
EndGlobal
